// !$*UTF8*$!
{
	archiveVersion = 1;
	classes = {
	};
	objectVersion = 46;
	objects = {

/* Begin PBXBuildFile section */
		5ED558CF1D17E4E200C82D6D /* SecondViewController.swift in Sources */ = {isa = PBXBuildFile; fileRef = 5ED558CE1D17E4E200C82D6D /* SecondViewController.swift */; };
		5EFA52CD1D12FCAB003AA2C1 /* AppDelegate.swift in Sources */ = {isa = PBXBuildFile; fileRef = 5EFA52CC1D12FCAB003AA2C1 /* AppDelegate.swift */; };
		5EFA52CF1D12FCAB003AA2C1 /* ViewController.swift in Sources */ = {isa = PBXBuildFile; fileRef = 5EFA52CE1D12FCAB003AA2C1 /* ViewController.swift */; };
		5EFA52D21D12FCAB003AA2C1 /* Main.storyboard in Resources */ = {isa = PBXBuildFile; fileRef = 5EFA52D01D12FCAB003AA2C1 /* Main.storyboard */; };
		5EFA52D41D12FCAB003AA2C1 /* Assets.xcassets in Resources */ = {isa = PBXBuildFile; fileRef = 5EFA52D31D12FCAB003AA2C1 /* Assets.xcassets */; };
		5EFA52D71D12FCAB003AA2C1 /* LaunchScreen.storyboard in Resources */ = {isa = PBXBuildFile; fileRef = 5EFA52D51D12FCAB003AA2C1 /* LaunchScreen.storyboard */; };
		5EFA52E21D12FCAC003AA2C1 /* originalTests.swift in Sources */ = {isa = PBXBuildFile; fileRef = 5EFA52E11D12FCAC003AA2C1 /* originalTests.swift */; };
		5EFA52ED1D12FCAC003AA2C1 /* originalUITests.swift in Sources */ = {isa = PBXBuildFile; fileRef = 5EFA52EC1D12FCAC003AA2C1 /* originalUITests.swift */; };
		5EFA53B11D16CC22003AA2C1 /* AddViewController.swift in Sources */ = {isa = PBXBuildFile; fileRef = 5EFA53B01D16CC22003AA2C1 /* AddViewController.swift */; };
		5EFA53B31D173EE5003AA2C1 /* SwitchViewController.swift in Sources */ = {isa = PBXBuildFile; fileRef = 5EFA53B21D173EE5003AA2C1 /* SwitchViewController.swift */; };
		5EFA53B51D173F34003AA2C1 /* ViewControllerAlerm.swift in Sources */ = {isa = PBXBuildFile; fileRef = 5EFA53B41D173F34003AA2C1 /* ViewControllerAlerm.swift */; };
		5EFA53B71D173F6F003AA2C1 /* ViewControllerMainAlerm.swift in Sources */ = {isa = PBXBuildFile; fileRef = 5EFA53B61D173F6F003AA2C1 /* ViewControllerMainAlerm.swift */; };
		5EFA53B91D173FCC003AA2C1 /* TableViewController.swift in Sources */ = {isa = PBXBuildFile; fileRef = 5EFA53B81D173FCC003AA2C1 /* TableViewController.swift */; };
/* End PBXBuildFile section */

/* Begin PBXContainerItemProxy section */
		5EFA52DE1D12FCAC003AA2C1 /* PBXContainerItemProxy */ = {
			isa = PBXContainerItemProxy;
			containerPortal = 5EFA52C11D12FCAB003AA2C1 /* Project object */;
			proxyType = 1;
			remoteGlobalIDString = 5EFA52C81D12FCAB003AA2C1;
			remoteInfo = original;
		};
		5EFA52E91D12FCAC003AA2C1 /* PBXContainerItemProxy */ = {
			isa = PBXContainerItemProxy;
			containerPortal = 5EFA52C11D12FCAB003AA2C1 /* Project object */;
			proxyType = 1;
			remoteGlobalIDString = 5EFA52C81D12FCAB003AA2C1;
			remoteInfo = original;
		};
/* End PBXContainerItemProxy section */

/* Begin PBXFileReference section */
		5ED558CE1D17E4E200C82D6D /* SecondViewController.swift */ = {isa = PBXFileReference; fileEncoding = 4; lastKnownFileType = sourcecode.swift; name = SecondViewController.swift; path = ../SecondViewController.swift; sourceTree = "<group>"; };
		5EFA52C91D12FCAB003AA2C1 /* original.app */ = {isa = PBXFileReference; explicitFileType = wrapper.application; includeInIndex = 0; path = original.app; sourceTree = BUILT_PRODUCTS_DIR; };
		5EFA52CC1D12FCAB003AA2C1 /* AppDelegate.swift */ = {isa = PBXFileReference; lastKnownFileType = sourcecode.swift; path = AppDelegate.swift; sourceTree = "<group>"; };
		5EFA52CE1D12FCAB003AA2C1 /* ViewController.swift */ = {isa = PBXFileReference; lastKnownFileType = sourcecode.swift; name = ViewController.swift; path = original/ViewController.swift; sourceTree = "<group>"; };
		5EFA52D11D12FCAB003AA2C1 /* Base */ = {isa = PBXFileReference; lastKnownFileType = file.storyboard; name = Base; path = Base.lproj/Main.storyboard; sourceTree = "<group>"; };
		5EFA52D31D12FCAB003AA2C1 /* Assets.xcassets */ = {isa = PBXFileReference; lastKnownFileType = folder.assetcatalog; path = Assets.xcassets; sourceTree = "<group>"; };
		5EFA52D61D12FCAB003AA2C1 /* Base */ = {isa = PBXFileReference; lastKnownFileType = file.storyboard; name = Base; path = Base.lproj/LaunchScreen.storyboard; sourceTree = "<group>"; };
		5EFA52D81D12FCAC003AA2C1 /* Info.plist */ = {isa = PBXFileReference; lastKnownFileType = text.plist.xml; path = Info.plist; sourceTree = "<group>"; };
		5EFA52DD1D12FCAC003AA2C1 /* originalTests.xctest */ = {isa = PBXFileReference; explicitFileType = wrapper.cfbundle; includeInIndex = 0; path = originalTests.xctest; sourceTree = BUILT_PRODUCTS_DIR; };
		5EFA52E11D12FCAC003AA2C1 /* originalTests.swift */ = {isa = PBXFileReference; lastKnownFileType = sourcecode.swift; path = originalTests.swift; sourceTree = "<group>"; };
		5EFA52E31D12FCAC003AA2C1 /* Info.plist */ = {isa = PBXFileReference; lastKnownFileType = text.plist.xml; path = Info.plist; sourceTree = "<group>"; };
		5EFA52E81D12FCAC003AA2C1 /* originalUITests.xctest */ = {isa = PBXFileReference; explicitFileType = wrapper.cfbundle; includeInIndex = 0; path = originalUITests.xctest; sourceTree = BUILT_PRODUCTS_DIR; };
		5EFA52EC1D12FCAC003AA2C1 /* originalUITests.swift */ = {isa = PBXFileReference; lastKnownFileType = sourcecode.swift; path = originalUITests.swift; sourceTree = "<group>"; };
		5EFA52EE1D12FCAC003AA2C1 /* Info.plist */ = {isa = PBXFileReference; lastKnownFileType = text.plist.xml; path = Info.plist; sourceTree = "<group>"; };
		5EFA53B01D16CC22003AA2C1 /* AddViewController.swift */ = {isa = PBXFileReference; fileEncoding = 4; lastKnownFileType = sourcecode.swift; path = AddViewController.swift; sourceTree = "<group>"; };
		5EFA53B21D173EE5003AA2C1 /* SwitchViewController.swift */ = {isa = PBXFileReference; fileEncoding = 4; lastKnownFileType = sourcecode.swift; path = SwitchViewController.swift; sourceTree = "<group>"; };
		5EFA53B41D173F34003AA2C1 /* ViewControllerAlerm.swift */ = {isa = PBXFileReference; fileEncoding = 4; lastKnownFileType = sourcecode.swift; path = ViewControllerAlerm.swift; sourceTree = "<group>"; };
		5EFA53B61D173F6F003AA2C1 /* ViewControllerMainAlerm.swift */ = {isa = PBXFileReference; fileEncoding = 4; lastKnownFileType = sourcecode.swift; path = ViewControllerMainAlerm.swift; sourceTree = "<group>"; };
		5EFA53B81D173FCC003AA2C1 /* TableViewController.swift */ = {isa = PBXFileReference; fileEncoding = 4; lastKnownFileType = sourcecode.swift; path = TableViewController.swift; sourceTree = "<group>"; };
/* End PBXFileReference section */

/* Begin PBXFrameworksBuildPhase section */
		5EFA52C61D12FCAB003AA2C1 /* Frameworks */ = {
			isa = PBXFrameworksBuildPhase;
			buildActionMask = 2147483647;
			files = (
			);
			runOnlyForDeploymentPostprocessing = 0;
		};
		5EFA52DA1D12FCAC003AA2C1 /* Frameworks */ = {
			isa = PBXFrameworksBuildPhase;
			buildActionMask = 2147483647;
			files = (
			);
			runOnlyForDeploymentPostprocessing = 0;
		};
		5EFA52E51D12FCAC003AA2C1 /* Frameworks */ = {
			isa = PBXFrameworksBuildPhase;
			buildActionMask = 2147483647;
			files = (
			);
			runOnlyForDeploymentPostprocessing = 0;
		};
/* End PBXFrameworksBuildPhase section */

/* Begin PBXGroup section */
		5EFA52C01D12FCAB003AA2C1 = {
			isa = PBXGroup;
			children = (
				5EFA52CB1D12FCAB003AA2C1 /* original */,
				5EFA52E01D12FCAC003AA2C1 /* originalTests */,
				5EFA52EB1D12FCAC003AA2C1 /* originalUITests */,
				5EFA52CA1D12FCAB003AA2C1 /* Products */,
				5EFA52CE1D12FCAB003AA2C1 /* ViewController.swift */,
			);
			sourceTree = "<group>";
		};
		5EFA52CA1D12FCAB003AA2C1 /* Products */ = {
			isa = PBXGroup;
			children = (
				5EFA52C91D12FCAB003AA2C1 /* original.app */,
				5EFA52DD1D12FCAC003AA2C1 /* originalTests.xctest */,
				5EFA52E81D12FCAC003AA2C1 /* originalUITests.xctest */,
			);
			name = Products;
			sourceTree = "<group>";
		};
		5EFA52CB1D12FCAB003AA2C1 /* original */ = {
			isa = PBXGroup;
			children = (
				5EFA52CC1D12FCAB003AA2C1 /* AppDelegate.swift */,
				5EFA53B81D173FCC003AA2C1 /* TableViewController.swift */,
				5EFA53B21D173EE5003AA2C1 /* SwitchViewController.swift */,
				5ED558CE1D17E4E200C82D6D /* SecondViewController.swift */,
				5EFA53B01D16CC22003AA2C1 /* AddViewController.swift */,
				5EFA53B41D173F34003AA2C1 /* ViewControllerAlerm.swift */,
				5EFA53B61D173F6F003AA2C1 /* ViewControllerMainAlerm.swift */,
				5EFA52D01D12FCAB003AA2C1 /* Main.storyboard */,
				5EFA52D31D12FCAB003AA2C1 /* Assets.xcassets */,
				5EFA52D51D12FCAB003AA2C1 /* LaunchScreen.storyboard */,
				5EFA52D81D12FCAC003AA2C1 /* Info.plist */,
			);
			path = original;
			sourceTree = "<group>";
		};
		5EFA52E01D12FCAC003AA2C1 /* originalTests */ = {
			isa = PBXGroup;
			children = (
				5EFA52E11D12FCAC003AA2C1 /* originalTests.swift */,
				5EFA52E31D12FCAC003AA2C1 /* Info.plist */,
			);
			path = originalTests;
			sourceTree = "<group>";
		};
		5EFA52EB1D12FCAC003AA2C1 /* originalUITests */ = {
			isa = PBXGroup;
			children = (
				5EFA52EC1D12FCAC003AA2C1 /* originalUITests.swift */,
				5EFA52EE1D12FCAC003AA2C1 /* Info.plist */,
			);
			path = originalUITests;
			sourceTree = "<group>";
		};
/* End PBXGroup section */

/* Begin PBXNativeTarget section */
		5EFA52C81D12FCAB003AA2C1 /* original */ = {
			isa = PBXNativeTarget;
			buildConfigurationList = 5EFA52F11D12FCAC003AA2C1 /* Build configuration list for PBXNativeTarget "original" */;
			buildPhases = (
				5EFA52C51D12FCAB003AA2C1 /* Sources */,
				5EFA52C61D12FCAB003AA2C1 /* Frameworks */,
				5EFA52C71D12FCAB003AA2C1 /* Resources */,
			);
			buildRules = (
			);
			dependencies = (
			);
			name = original;
			productName = original;
			productReference = 5EFA52C91D12FCAB003AA2C1 /* original.app */;
			productType = "com.apple.product-type.application";
		};
		5EFA52DC1D12FCAC003AA2C1 /* originalTests */ = {
			isa = PBXNativeTarget;
			buildConfigurationList = 5EFA52F41D12FCAC003AA2C1 /* Build configuration list for PBXNativeTarget "originalTests" */;
			buildPhases = (
				5EFA52D91D12FCAC003AA2C1 /* Sources */,
				5EFA52DA1D12FCAC003AA2C1 /* Frameworks */,
				5EFA52DB1D12FCAC003AA2C1 /* Resources */,
			);
			buildRules = (
			);
			dependencies = (
				5EFA52DF1D12FCAC003AA2C1 /* PBXTargetDependency */,
			);
			name = originalTests;
			productName = originalTests;
			productReference = 5EFA52DD1D12FCAC003AA2C1 /* originalTests.xctest */;
			productType = "com.apple.product-type.bundle.unit-test";
		};
		5EFA52E71D12FCAC003AA2C1 /* originalUITests */ = {
			isa = PBXNativeTarget;
			buildConfigurationList = 5EFA52F71D12FCAC003AA2C1 /* Build configuration list for PBXNativeTarget "originalUITests" */;
			buildPhases = (
				5EFA52E41D12FCAC003AA2C1 /* Sources */,
				5EFA52E51D12FCAC003AA2C1 /* Frameworks */,
				5EFA52E61D12FCAC003AA2C1 /* Resources */,
			);
			buildRules = (
			);
			dependencies = (
				5EFA52EA1D12FCAC003AA2C1 /* PBXTargetDependency */,
			);
			name = originalUITests;
			productName = originalUITests;
			productReference = 5EFA52E81D12FCAC003AA2C1 /* originalUITests.xctest */;
			productType = "com.apple.product-type.bundle.ui-testing";
		};
/* End PBXNativeTarget section */

/* Begin PBXProject section */
		5EFA52C11D12FCAB003AA2C1 /* Project object */ = {
			isa = PBXProject;
			attributes = {
				LastSwiftUpdateCheck = 0730;
				LastUpgradeCheck = 0730;
				ORGANIZATIONNAME = "小西夏穂";
				TargetAttributes = {
					5EFA52C81D12FCAB003AA2C1 = {
						CreatedOnToolsVersion = 7.3.1;
						DevelopmentTeam = QB37YPBUCJ;
					};
					5EFA52DC1D12FCAC003AA2C1 = {
						CreatedOnToolsVersion = 7.3.1;
						DevelopmentTeam = QB37YPBUCJ;
						TestTargetID = 5EFA52C81D12FCAB003AA2C1;
					};
					5EFA52E71D12FCAC003AA2C1 = {
						CreatedOnToolsVersion = 7.3.1;
						DevelopmentTeam = QB37YPBUCJ;
						TestTargetID = 5EFA52C81D12FCAB003AA2C1;
					};
				};
			};
			buildConfigurationList = 5EFA52C41D12FCAB003AA2C1 /* Build configuration list for PBXProject "original" */;
			compatibilityVersion = "Xcode 3.2";
			developmentRegion = English;
			hasScannedForEncodings = 0;
			knownRegions = (
				en,
				Base,
			);
			mainGroup = 5EFA52C01D12FCAB003AA2C1;
			productRefGroup = 5EFA52CA1D12FCAB003AA2C1 /* Products */;
			projectDirPath = "";
			projectRoot = "";
			targets = (
				5EFA52C81D12FCAB003AA2C1 /* original */,
				5EFA52DC1D12FCAC003AA2C1 /* originalTests */,
				5EFA52E71D12FCAC003AA2C1 /* originalUITests */,
			);
		};
/* End PBXProject section */

/* Begin PBXResourcesBuildPhase section */
		5EFA52C71D12FCAB003AA2C1 /* Resources */ = {
			isa = PBXResourcesBuildPhase;
			buildActionMask = 2147483647;
			files = (
				5EFA52D71D12FCAB003AA2C1 /* LaunchScreen.storyboard in Resources */,
				5EFA52D41D12FCAB003AA2C1 /* Assets.xcassets in Resources */,
				5EFA52D21D12FCAB003AA2C1 /* Main.storyboard in Resources */,
			);
			runOnlyForDeploymentPostprocessing = 0;
		};
		5EFA52DB1D12FCAC003AA2C1 /* Resources */ = {
			isa = PBXResourcesBuildPhase;
			buildActionMask = 2147483647;
			files = (
			);
			runOnlyForDeploymentPostprocessing = 0;
		};
		5EFA52E61D12FCAC003AA2C1 /* Resources */ = {
			isa = PBXResourcesBuildPhase;
			buildActionMask = 2147483647;
			files = (
			);
			runOnlyForDeploymentPostprocessing = 0;
		};
/* End PBXResourcesBuildPhase section */

/* Begin PBXSourcesBuildPhase section */
		5EFA52C51D12FCAB003AA2C1 /* Sources */ = {
			isa = PBXSourcesBuildPhase;
			buildActionMask = 2147483647;
			files = (
				5ED558CF1D17E4E200C82D6D /* SecondViewController.swift in Sources */,
				5EFA52CF1D12FCAB003AA2C1 /* ViewController.swift in Sources */,
				5EFA53B91D173FCC003AA2C1 /* TableViewController.swift in Sources */,
				5EFA53B71D173F6F003AA2C1 /* ViewControllerMainAlerm.swift in Sources */,
				5EFA53B11D16CC22003AA2C1 /* AddViewController.swift in Sources */,
				5EFA53B51D173F34003AA2C1 /* ViewControllerAlerm.swift in Sources */,
				5EFA52CD1D12FCAB003AA2C1 /* AppDelegate.swift in Sources */,
				5EFA53B31D173EE5003AA2C1 /* SwitchViewController.swift in Sources */,
			);
			runOnlyForDeploymentPostprocessing = 0;
		};
		5EFA52D91D12FCAC003AA2C1 /* Sources */ = {
			isa = PBXSourcesBuildPhase;
			buildActionMask = 2147483647;
			files = (
				5EFA52E21D12FCAC003AA2C1 /* originalTests.swift in Sources */,
			);
			runOnlyForDeploymentPostprocessing = 0;
		};
		5EFA52E41D12FCAC003AA2C1 /* Sources */ = {
			isa = PBXSourcesBuildPhase;
			buildActionMask = 2147483647;
			files = (
				5EFA52ED1D12FCAC003AA2C1 /* originalUITests.swift in Sources */,
			);
			runOnlyForDeploymentPostprocessing = 0;
		};
/* End PBXSourcesBuildPhase section */

/* Begin PBXTargetDependency section */
		5EFA52DF1D12FCAC003AA2C1 /* PBXTargetDependency */ = {
			isa = PBXTargetDependency;
			target = 5EFA52C81D12FCAB003AA2C1 /* original */;
			targetProxy = 5EFA52DE1D12FCAC003AA2C1 /* PBXContainerItemProxy */;
		};
		5EFA52EA1D12FCAC003AA2C1 /* PBXTargetDependency */ = {
			isa = PBXTargetDependency;
			target = 5EFA52C81D12FCAB003AA2C1 /* original */;
			targetProxy = 5EFA52E91D12FCAC003AA2C1 /* PBXContainerItemProxy */;
		};
/* End PBXTargetDependency section */

/* Begin PBXVariantGroup section */
		5EFA52D01D12FCAB003AA2C1 /* Main.storyboard */ = {
			isa = PBXVariantGroup;
			children = (
				5EFA52D11D12FCAB003AA2C1 /* Base */,
			);
			name = Main.storyboard;
			sourceTree = "<group>";
		};
		5EFA52D51D12FCAB003AA2C1 /* LaunchScreen.storyboard */ = {
			isa = PBXVariantGroup;
			children = (
				5EFA52D61D12FCAB003AA2C1 /* Base */,
			);
			name = LaunchScreen.storyboard;
			sourceTree = "<group>";
		};
/* End PBXVariantGroup section */

/* Begin XCBuildConfiguration section */
		5EFA52EF1D12FCAC003AA2C1 /* Debug */ = {
			isa = XCBuildConfiguration;
			buildSettings = {
				ALWAYS_SEARCH_USER_PATHS = NO;
				CLANG_ANALYZER_NONNULL = YES;
				CLANG_CXX_LANGUAGE_STANDARD = "gnu++0x";
				CLANG_CXX_LIBRARY = "libc++";
				CLANG_ENABLE_MODULES = YES;
				CLANG_ENABLE_OBJC_ARC = YES;
				CLANG_WARN_BOOL_CONVERSION = YES;
				CLANG_WARN_CONSTANT_CONVERSION = YES;
				CLANG_WARN_DIRECT_OBJC_ISA_USAGE = YES_ERROR;
				CLANG_WARN_EMPTY_BODY = YES;
				CLANG_WARN_ENUM_CONVERSION = YES;
				CLANG_WARN_INT_CONVERSION = YES;
				CLANG_WARN_OBJC_ROOT_CLASS = YES_ERROR;
				CLANG_WARN_UNREACHABLE_CODE = YES;
				CLANG_WARN__DUPLICATE_METHOD_MATCH = YES;
				"CODE_SIGN_IDENTITY[sdk=iphoneos*]" = "iPhone Developer";
				COPY_PHASE_STRIP = NO;
				DEBUG_INFORMATION_FORMAT = dwarf;
				ENABLE_STRICT_OBJC_MSGSEND = YES;
				ENABLE_TESTABILITY = YES;
				GCC_C_LANGUAGE_STANDARD = gnu99;
				GCC_DYNAMIC_NO_PIC = NO;
				GCC_NO_COMMON_BLOCKS = YES;
				GCC_OPTIMIZATION_LEVEL = 0;
				GCC_PREPROCESSOR_DEFINITIONS = (
					"DEBUG=1",
					"$(inherited)",
				);
				GCC_WARN_64_TO_32_BIT_CONVERSION = YES;
				GCC_WARN_ABOUT_RETURN_TYPE = YES_ERROR;
				GCC_WARN_UNDECLARED_SELECTOR = YES;
				GCC_WARN_UNINITIALIZED_AUTOS = YES_AGGRESSIVE;
				GCC_WARN_UNUSED_FUNCTION = YES;
				GCC_WARN_UNUSED_VARIABLE = YES;
				IPHONEOS_DEPLOYMENT_TARGET = 9.3;
				MTL_ENABLE_DEBUG_INFO = YES;
				ONLY_ACTIVE_ARCH = YES;
				SDKROOT = iphoneos;
				SWIFT_OPTIMIZATION_LEVEL = "-Onone";
			};
			name = Debug;
		};
		5EFA52F01D12FCAC003AA2C1 /* Release */ = {
			isa = XCBuildConfiguration;
			buildSettings = {
				ALWAYS_SEARCH_USER_PATHS = NO;
				CLANG_ANALYZER_NONNULL = YES;
				CLANG_CXX_LANGUAGE_STANDARD = "gnu++0x";
				CLANG_CXX_LIBRARY = "libc++";
				CLANG_ENABLE_MODULES = YES;
				CLANG_ENABLE_OBJC_ARC = YES;
				CLANG_WARN_BOOL_CONVERSION = YES;
				CLANG_WARN_CONSTANT_CONVERSION = YES;
				CLANG_WARN_DIRECT_OBJC_ISA_USAGE = YES_ERROR;
				CLANG_WARN_EMPTY_BODY = YES;
				CLANG_WARN_ENUM_CONVERSION = YES;
				CLANG_WARN_INT_CONVERSION = YES;
				CLANG_WARN_OBJC_ROOT_CLASS = YES_ERROR;
				CLANG_WARN_UNREACHABLE_CODE = YES;
				CLANG_WARN__DUPLICATE_METHOD_MATCH = YES;
				"CODE_SIGN_IDENTITY[sdk=iphoneos*]" = "iPhone Developer";
				COPY_PHASE_STRIP = NO;
				DEBUG_INFORMATION_FORMAT = "dwarf-with-dsym";
				ENABLE_NS_ASSERTIONS = NO;
				ENABLE_STRICT_OBJC_MSGSEND = YES;
				GCC_C_LANGUAGE_STANDARD = gnu99;
				GCC_NO_COMMON_BLOCKS = YES;
				GCC_WARN_64_TO_32_BIT_CONVERSION = YES;
				GCC_WARN_ABOUT_RETURN_TYPE = YES_ERROR;
				GCC_WARN_UNDECLARED_SELECTOR = YES;
				GCC_WARN_UNINITIALIZED_AUTOS = YES_AGGRESSIVE;
				GCC_WARN_UNUSED_FUNCTION = YES;
				GCC_WARN_UNUSED_VARIABLE = YES;
				IPHONEOS_DEPLOYMENT_TARGET = 9.3;
				MTL_ENABLE_DEBUG_INFO = NO;
				SDKROOT = iphoneos;
				VALIDATE_PRODUCT = YES;
			};
			name = Release;
		};
		5EFA52F21D12FCAC003AA2C1 /* Debug */ = {
			isa = XCBuildConfiguration;
			buildSettings = {
				ASSETCATALOG_COMPILER_APPICON_NAME = AppIcon;
				INFOPLIST_FILE = original/Info.plist;
				LD_RUNPATH_SEARCH_PATHS = "$(inherited) @executable_path/Frameworks";
				PRODUCT_BUNDLE_IDENTIFIER = com.litech.original;
				PRODUCT_NAME = "$(TARGET_NAME)";
			};
			name = Debug;
		};
		5EFA52F31D12FCAC003AA2C1 /* Release */ = {
			isa = XCBuildConfiguration;
			buildSettings = {
				ASSETCATALOG_COMPILER_APPICON_NAME = AppIcon;
				INFOPLIST_FILE = original/Info.plist;
				LD_RUNPATH_SEARCH_PATHS = "$(inherited) @executable_path/Frameworks";
				PRODUCT_BUNDLE_IDENTIFIER = com.litech.original;
				PRODUCT_NAME = "$(TARGET_NAME)";
			};
			name = Release;
		};
		5EFA52F51D12FCAC003AA2C1 /* Debug */ = {
			isa = XCBuildConfiguration;
			buildSettings = {
				BUNDLE_LOADER = "$(TEST_HOST)";
				INFOPLIST_FILE = originalTests/Info.plist;
				LD_RUNPATH_SEARCH_PATHS = "$(inherited) @executable_path/Frameworks @loader_path/Frameworks";
				PRODUCT_BUNDLE_IDENTIFIER = com.litech.originalTests;
				PRODUCT_NAME = "$(TARGET_NAME)";
				TEST_HOST = "$(BUILT_PRODUCTS_DIR)/original.app/original";
			};
			name = Debug;
		};
		5EFA52F61D12FCAC003AA2C1 /* Release */ = {
			isa = XCBuildConfiguration;
			buildSettings = {
				BUNDLE_LOADER = "$(TEST_HOST)";
				INFOPLIST_FILE = originalTests/Info.plist;
				LD_RUNPATH_SEARCH_PATHS = "$(inherited) @executable_path/Frameworks @loader_path/Frameworks";
				PRODUCT_BUNDLE_IDENTIFIER = com.litech.originalTests;
				PRODUCT_NAME = "$(TARGET_NAME)";
				TEST_HOST = "$(BUILT_PRODUCTS_DIR)/original.app/original";
			};
			name = Release;
		};
		5EFA52F81D12FCAC003AA2C1 /* Debug */ = {
			isa = XCBuildConfiguration;
			buildSettings = {
				INFOPLIST_FILE = originalUITests/Info.plist;
				LD_RUNPATH_SEARCH_PATHS = "$(inherited) @executable_path/Frameworks @loader_path/Frameworks";
				PRODUCT_BUNDLE_IDENTIFIER = com.litech.originalUITests;
				PRODUCT_NAME = "$(TARGET_NAME)";
				TEST_TARGET_NAME = original;
			};
			name = Debug;
		};
		5EFA52F91D12FCAC003AA2C1 /* Release */ = {
			isa = XCBuildConfiguration;
			buildSettings = {
				INFOPLIST_FILE = originalUITests/Info.plist;
				LD_RUNPATH_SEARCH_PATHS = "$(inherited) @executable_path/Frameworks @loader_path/Frameworks";
				PRODUCT_BUNDLE_IDENTIFIER = com.litech.originalUITests;
				PRODUCT_NAME = "$(TARGET_NAME)";
				TEST_TARGET_NAME = original;
			};
			name = Release;
		};
/* End XCBuildConfiguration section */

/* Begin XCConfigurationList section */
		5EFA52C41D12FCAB003AA2C1 /* Build configuration list for PBXProject "original" */ = {
			isa = XCConfigurationList;
			buildConfigurations = (
				5EFA52EF1D12FCAC003AA2C1 /* Debug */,
				5EFA52F01D12FCAC003AA2C1 /* Release */,
			);
			defaultConfigurationIsVisible = 0;
			defaultConfigurationName = Release;
		};
		5EFA52F11D12FCAC003AA2C1 /* Build configuration list for PBXNativeTarget "original" */ = {
			isa = XCConfigurationList;
			buildConfigurations = (
				5EFA52F21D12FCAC003AA2C1 /* Debug */,
				5EFA52F31D12FCAC003AA2C1 /* Release */,
			);
			defaultConfigurationIsVisible = 0;
			defaultConfigurationName = Release;
		};
		5EFA52F41D12FCAC003AA2C1 /* Build configuration list for PBXNativeTarget "originalTests" */ = {
			isa = XCConfigurationList;
			buildConfigurations = (
				5EFA52F51D12FCAC003AA2C1 /* Debug */,
				5EFA52F61D12FCAC003AA2C1 /* Release */,
			);
			defaultConfigurationIsVisible = 0;
			defaultConfigurationName = Release;
		};
		5EFA52F71D12FCAC003AA2C1 /* Build configuration list for PBXNativeTarget "originalUITests" */ = {
			isa = XCConfigurationList;
			buildConfigurations = (
				5EFA52F81D12FCAC003AA2C1 /* Debug */,
				5EFA52F91D12FCAC003AA2C1 /* Release */,
			);
			defaultConfigurationIsVisible = 0;
			defaultConfigurationName = Release;
		};
/* End XCConfigurationList section */
	};
	rootObject = 5EFA52C11D12FCAB003AA2C1 /* Project object */;
}
